
Microsoft Visual Studio Solution File, Format Version 12.00
# Visual Studio Version 17
VisualStudioVersion = 17.6.33815.320
MinimumVisualStudioVersion = 10.0.40219.1
Project("{FAE04EC0-301F-11D3-BF4B-00C04F79EFBC}") = "SP", "SP\SP.csproj", "{3A005C1F-7188-4CB6-8E76-666BD9A1D7A1}"
EndProject
Global
	GlobalSection(SolutionConfigurationPlatforms) = preSolution
		Debug|Any CPU = Debug|Any CPU
		Release|Any CPU = Release|Any CPU
	EndGlobalSection
	GlobalSection(ProjectConfigurationPlatforms) = postSolution
		{3A005C1F-7188-4CB6-8E76-666BD9A1D7A1}.Debug|Any CPU.ActiveCfg = Debug|Any CPU
		{3A005C1F-7188-4CB6-8E76-666BD9A1D7A1}.Debug|Any CPU.Build.0 = Debug|Any CPU
		{3A005C1F-7188-4CB6-8E76-666BD9A1D7A1}.Release|Any CPU.ActiveCfg = Release|Any CPU
		{3A005C1F-7188-4CB6-8E76-666BD9A1D7A1}.Release|Any CPU.Build.0 = Release|Any CPU
	EndGlobalSection
	GlobalSection(SolutionProperties) = preSolution
		HideSolutionNode = FALSE
	EndGlobalSection
	GlobalSection(ExtensibilityGlobals) = postSolution
		SolutionGuid = {35D20802-5470-4923-B9AA-5D3DBAEE13D8}
	EndGlobalSection
EndGlobal
